
Microsoft Visual Studio Solution File, Format Version 12.00
# Visual Studio Version 17
VisualStudioVersion = 17.10.35013.160
MinimumVisualStudioVersion = 10.0.40219.1
Project("{FAE04EC0-301F-11D3-BF4B-00C04F79EFBC}") = "Azure Web App Test", "Azure Web App Test.csproj", "{6058FE73-AA05-4DBA-88A1-37FB9EFC9BAC}"
EndProject
Global
	GlobalSection(SolutionConfigurationPlatforms) = preSolution
		Debug|Any CPU = Debug|Any CPU
		Release|Any CPU = Release|Any CPU
	EndGlobalSection
	GlobalSection(ProjectConfigurationPlatforms) = postSolution
		{6058FE73-AA05-4DBA-88A1-37FB9EFC9BAC}.Debug|Any CPU.ActiveCfg = Debug|Any CPU
		{6058FE73-AA05-4DBA-88A1-37FB9EFC9BAC}.Debug|Any CPU.Build.0 = Debug|Any CPU
		{6058FE73-AA05-4DBA-88A1-37FB9EFC9BAC}.Release|Any CPU.ActiveCfg = Release|Any CPU
		{6058FE73-AA05-4DBA-88A1-37FB9EFC9BAC}.Release|Any CPU.Build.0 = Release|Any CPU
	EndGlobalSection
	GlobalSection(SolutionProperties) = preSolution
		HideSolutionNode = FALSE
	EndGlobalSection
	GlobalSection(ExtensibilityGlobals) = postSolution
		SolutionGuid = {D8FBC2CD-7AA4-4DAB-BD30-1F11FF1663A8}
	EndGlobalSection
EndGlobal
